// !$*UTF8*$!
{
	archiveVersion = 1;
	classes = {
	};
	objectVersion = 50;
	objects = {

/* Begin PBXBuildFile section */
		4673303322B7FBC800639187 /* AppDelegate.swift in Sources */ = {isa = PBXBuildFile; fileRef = 4673303222B7FBC800639187 /* AppDelegate.swift */; };
		4673303522B7FBC800639187 /* ViewControllerA.swift in Sources */ = {isa = PBXBuildFile; fileRef = 4673303422B7FBC800639187 /* ViewControllerA.swift */; };
		4673303A22B7FBCC00639187 /* Assets.xcassets in Resources */ = {isa = PBXBuildFile; fileRef = 4673303922B7FBCC00639187 /* Assets.xcassets */; };
		4673303D22B7FBCC00639187 /* LaunchScreen.storyboard in Resources */ = {isa = PBXBuildFile; fileRef = 4673303B22B7FBCC00639187 /* LaunchScreen.storyboard */; };
		4673304822B7FBCC00639187 /* ContactAppTests.swift in Sources */ = {isa = PBXBuildFile; fileRef = 4673304722B7FBCC00639187 /* ContactAppTests.swift */; };
		4673305322B7FBCC00639187 /* ContactAppUITests.swift in Sources */ = {isa = PBXBuildFile; fileRef = 4673305222B7FBCC00639187 /* ContactAppUITests.swift */; };
		4673306122B8097700639187 /* ViewControllerTableDataSource.swift in Sources */ = {isa = PBXBuildFile; fileRef = 4673306022B8097700639187 /* ViewControllerTableDataSource.swift */; };
		4673306322B82BEB00639187 /* ViewControllerB.swift in Sources */ = {isa = PBXBuildFile; fileRef = 4673306222B82BEB00639187 /* ViewControllerB.swift */; };
		4673306522B8439E00639187 /* MyCustomCell.swift in Sources */ = {isa = PBXBuildFile; fileRef = 4673306422B8439E00639187 /* MyCustomCell.swift */; };
/* End PBXBuildFile section */

/* Begin PBXContainerItemProxy section */
		4673304422B7FBCC00639187 /* PBXContainerItemProxy */ = {
			isa = PBXContainerItemProxy;
			containerPortal = 4673302722B7FBC800639187 /* Project object */;
			proxyType = 1;
			remoteGlobalIDString = 4673302E22B7FBC800639187;
			remoteInfo = ContactApp;
		};
		4673304F22B7FBCC00639187 /* PBXContainerItemProxy */ = {
			isa = PBXContainerItemProxy;
			containerPortal = 4673302722B7FBC800639187 /* Project object */;
			proxyType = 1;
			remoteGlobalIDString = 4673302E22B7FBC800639187;
			remoteInfo = ContactApp;
		};
/* End PBXContainerItemProxy section */

/* Begin PBXFileReference section */
		4673302F22B7FBC800639187 /* ContactApp.app */ = {isa = PBXFileReference; explicitFileType = wrapper.application; includeInIndex = 0; path = ContactApp.app; sourceTree = BUILT_PRODUCTS_DIR; };
		4673303222B7FBC800639187 /* AppDelegate.swift */ = {isa = PBXFileReference; lastKnownFileType = sourcecode.swift; path = AppDelegate.swift; sourceTree = "<group>"; };
		4673303422B7FBC800639187 /* ViewControllerA.swift */ = {isa = PBXFileReference; lastKnownFileType = sourcecode.swift; path = ViewControllerA.swift; sourceTree = "<group>"; };
		4673303922B7FBCC00639187 /* Assets.xcassets */ = {isa = PBXFileReference; lastKnownFileType = folder.assetcatalog; path = Assets.xcassets; sourceTree = "<group>"; };
		4673303C22B7FBCC00639187 /* Base */ = {isa = PBXFileReference; lastKnownFileType = file.storyboard; name = Base; path = Base.lproj/LaunchScreen.storyboard; sourceTree = "<group>"; };
		4673303E22B7FBCC00639187 /* Info.plist */ = {isa = PBXFileReference; lastKnownFileType = text.plist.xml; path = Info.plist; sourceTree = "<group>"; };
		4673304322B7FBCC00639187 /* ContactAppTests.xctest */ = {isa = PBXFileReference; explicitFileType = wrapper.cfbundle; includeInIndex = 0; path = ContactAppTests.xctest; sourceTree = BUILT_PRODUCTS_DIR; };
		4673304722B7FBCC00639187 /* ContactAppTests.swift */ = {isa = PBXFileReference; lastKnownFileType = sourcecode.swift; path = ContactAppTests.swift; sourceTree = "<group>"; };
		4673304922B7FBCC00639187 /* Info.plist */ = {isa = PBXFileReference; lastKnownFileType = text.plist.xml; path = Info.plist; sourceTree = "<group>"; };
		4673304E22B7FBCC00639187 /* ContactAppUITests.xctest */ = {isa = PBXFileReference; explicitFileType = wrapper.cfbundle; includeInIndex = 0; path = ContactAppUITests.xctest; sourceTree = BUILT_PRODUCTS_DIR; };
		4673305222B7FBCC00639187 /* ContactAppUITests.swift */ = {isa = PBXFileReference; lastKnownFileType = sourcecode.swift; path = ContactAppUITests.swift; sourceTree = "<group>"; };
		4673305422B7FBCC00639187 /* Info.plist */ = {isa = PBXFileReference; lastKnownFileType = text.plist.xml; path = Info.plist; sourceTree = "<group>"; };
		4673306022B8097700639187 /* ViewControllerTableDataSource.swift */ = {isa = PBXFileReference; lastKnownFileType = sourcecode.swift; path = ViewControllerTableDataSource.swift; sourceTree = "<group>"; };
		4673306222B82BEB00639187 /* ViewControllerB.swift */ = {isa = PBXFileReference; lastKnownFileType = sourcecode.swift; path = ViewControllerB.swift; sourceTree = "<group>"; };
		4673306422B8439E00639187 /* MyCustomCell.swift */ = {isa = PBXFileReference; lastKnownFileType = sourcecode.swift; path = MyCustomCell.swift; sourceTree = "<group>"; };
/* End PBXFileReference section */

/* Begin PBXFrameworksBuildPhase section */
		4673302C22B7FBC800639187 /* Frameworks */ = {
			isa = PBXFrameworksBuildPhase;
			buildActionMask = 2147483647;
			files = (
			);
			runOnlyForDeploymentPostprocessing = 0;
		};
		4673304022B7FBCC00639187 /* Frameworks */ = {
			isa = PBXFrameworksBuildPhase;
			buildActionMask = 2147483647;
			files = (
			);
			runOnlyForDeploymentPostprocessing = 0;
		};
		4673304B22B7FBCC00639187 /* Frameworks */ = {
			isa = PBXFrameworksBuildPhase;
			buildActionMask = 2147483647;
			files = (
			);
			runOnlyForDeploymentPostprocessing = 0;
		};
/* End PBXFrameworksBuildPhase section */

/* Begin PBXGroup section */
		4673302622B7FBC800639187 = {
			isa = PBXGroup;
			children = (
				4673303122B7FBC800639187 /* ContactApp */,
				4673304622B7FBCC00639187 /* ContactAppTests */,
				4673305122B7FBCC00639187 /* ContactAppUITests */,
				4673303022B7FBC800639187 /* Products */,
			);
			sourceTree = "<group>";
		};
		4673303022B7FBC800639187 /* Products */ = {
			isa = PBXGroup;
			children = (
				4673302F22B7FBC800639187 /* ContactApp.app */,
				4673304322B7FBCC00639187 /* ContactAppTests.xctest */,
				4673304E22B7FBCC00639187 /* ContactAppUITests.xctest */,
			);
			name = Products;
			sourceTree = "<group>";
		};
		4673303122B7FBC800639187 /* ContactApp */ = {
			isa = PBXGroup;
			children = (
				4673303222B7FBC800639187 /* AppDelegate.swift */,
				4673303422B7FBC800639187 /* ViewControllerA.swift */,
				4673306222B82BEB00639187 /* ViewControllerB.swift */,
				4673306022B8097700639187 /* ViewControllerTableDataSource.swift */,
				4673306422B8439E00639187 /* MyCustomCell.swift */,
				4673303922B7FBCC00639187 /* Assets.xcassets */,
				4673303B22B7FBCC00639187 /* LaunchScreen.storyboard */,
				4673303E22B7FBCC00639187 /* Info.plist */,
			);
			path = ContactApp;
			sourceTree = "<group>";
		};
		4673304622B7FBCC00639187 /* ContactAppTests */ = {
			isa = PBXGroup;
			children = (
				4673304722B7FBCC00639187 /* ContactAppTests.swift */,
				4673304922B7FBCC00639187 /* Info.plist */,
			);
			path = ContactAppTests;
			sourceTree = "<group>";
		};
		4673305122B7FBCC00639187 /* ContactAppUITests */ = {
			isa = PBXGroup;
			children = (
				4673305222B7FBCC00639187 /* ContactAppUITests.swift */,
				4673305422B7FBCC00639187 /* Info.plist */,
			);
			path = ContactAppUITests;
			sourceTree = "<group>";
		};
/* End PBXGroup section */

/* Begin PBXNativeTarget section */
		4673302E22B7FBC800639187 /* ContactApp */ = {
			isa = PBXNativeTarget;
			buildConfigurationList = 4673305722B7FBCC00639187 /* Build configuration list for PBXNativeTarget "ContactApp" */;
			buildPhases = (
				4673302B22B7FBC800639187 /* Sources */,
				4673302C22B7FBC800639187 /* Frameworks */,
				4673302D22B7FBC800639187 /* Resources */,
			);
			buildRules = (
			);
			dependencies = (
			);
			name = ContactApp;
			productName = ContactApp;
			productReference = 4673302F22B7FBC800639187 /* ContactApp.app */;
			productType = "com.apple.product-type.application";
		};
		4673304222B7FBCC00639187 /* ContactAppTests */ = {
			isa = PBXNativeTarget;
			buildConfigurationList = 4673305A22B7FBCC00639187 /* Build configuration list for PBXNativeTarget "ContactAppTests" */;
			buildPhases = (
				4673303F22B7FBCC00639187 /* Sources */,
				4673304022B7FBCC00639187 /* Frameworks */,
				4673304122B7FBCC00639187 /* Resources */,
			);
			buildRules = (
			);
			dependencies = (
				4673304522B7FBCC00639187 /* PBXTargetDependency */,
			);
			name = ContactAppTests;
			productName = ContactAppTests;
			productReference = 4673304322B7FBCC00639187 /* ContactAppTests.xctest */;
			productType = "com.apple.product-type.bundle.unit-test";
		};
		4673304D22B7FBCC00639187 /* ContactAppUITests */ = {
			isa = PBXNativeTarget;
			buildConfigurationList = 4673305D22B7FBCC00639187 /* Build configuration list for PBXNativeTarget "ContactAppUITests" */;
			buildPhases = (
				4673304A22B7FBCC00639187 /* Sources */,
				4673304B22B7FBCC00639187 /* Frameworks */,
				4673304C22B7FBCC00639187 /* Resources */,
			);
			buildRules = (
			);
			dependencies = (
				4673305022B7FBCC00639187 /* PBXTargetDependency */,
			);
			name = ContactAppUITests;
			productName = ContactAppUITests;
			productReference = 4673304E22B7FBCC00639187 /* ContactAppUITests.xctest */;
			productType = "com.apple.product-type.bundle.ui-testing";
		};
/* End PBXNativeTarget section */

/* Begin PBXProject section */
		4673302722B7FBC800639187 /* Project object */ = {
			isa = PBXProject;
			attributes = {
				LastSwiftUpdateCheck = 1010;
				LastUpgradeCheck = 1010;
				ORGANIZATIONNAME = hw;
				TargetAttributes = {
					4673302E22B7FBC800639187 = {
						CreatedOnToolsVersion = 10.1;
					};
					4673304222B7FBCC00639187 = {
						CreatedOnToolsVersion = 10.1;
						TestTargetID = 4673302E22B7FBC800639187;
					};
					4673304D22B7FBCC00639187 = {
						CreatedOnToolsVersion = 10.1;
						TestTargetID = 4673302E22B7FBC800639187;
					};
				};
			};
			buildConfigurationList = 4673302A22B7FBC800639187 /* Build configuration list for PBXProject "ContactApp" */;
			compatibilityVersion = "Xcode 9.3";
			developmentRegion = en;
			hasScannedForEncodings = 0;
			knownRegions = (
				en,
				Base,
			);
			mainGroup = 4673302622B7FBC800639187;
			productRefGroup = 4673303022B7FBC800639187 /* Products */;
			projectDirPath = "";
			projectRoot = "";
			targets = (
				4673302E22B7FBC800639187 /* ContactApp */,
				4673304222B7FBCC00639187 /* ContactAppTests */,
				4673304D22B7FBCC00639187 /* ContactAppUITests */,
			);
		};
/* End PBXProject section */

/* Begin PBXResourcesBuildPhase section */
		4673302D22B7FBC800639187 /* Resources */ = {
			isa = PBXResourcesBuildPhase;
			buildActionMask = 2147483647;
			files = (
				4673303D22B7FBCC00639187 /* LaunchScreen.storyboard in Resources */,
				4673303A22B7FBCC00639187 /* Assets.xcassets in Resources */,
			);
			runOnlyForDeploymentPostprocessing = 0;
		};
		4673304122B7FBCC00639187 /* Resources */ = {
			isa = PBXResourcesBuildPhase;
			buildActionMask = 2147483647;
			files = (
			);
			runOnlyForDeploymentPostprocessing = 0;
		};
		4673304C22B7FBCC00639187 /* Resources */ = {
			isa = PBXResourcesBuildPhase;
			buildActionMask = 2147483647;
			files = (
			);
			runOnlyForDeploymentPostprocessing = 0;
		};
/* End PBXResourcesBuildPhase section */

/* Begin PBXSourcesBuildPhase section */
		4673302B22B7FBC800639187 /* Sources */ = {
			isa = PBXSourcesBuildPhase;
			buildActionMask = 2147483647;
			files = (
				4673306122B8097700639187 /* ViewControllerTableDataSource.swift in Sources */,
				4673306522B8439E00639187 /* MyCustomCell.swift in Sources */,
				4673306322B82BEB00639187 /* ViewControllerB.swift in Sources */,
				4673303522B7FBC800639187 /* ViewControllerA.swift in Sources */,
				4673303322B7FBC800639187 /* AppDelegate.swift in Sources */,
			);
			runOnlyForDeploymentPostprocessing = 0;
		};
		4673303F22B7FBCC00639187 /* Sources */ = {
			isa = PBXSourcesBuildPhase;
			buildActionMask = 2147483647;
			files = (
				4673304822B7FBCC00639187 /* ContactAppTests.swift in Sources */,
			);
			runOnlyForDeploymentPostprocessing = 0;
		};
		4673304A22B7FBCC00639187 /* Sources */ = {
			isa = PBXSourcesBuildPhase;
			buildActionMask = 2147483647;
			files = (
				4673305322B7FBCC00639187 /* ContactAppUITests.swift in Sources */,
			);
			runOnlyForDeploymentPostprocessing = 0;
		};
/* End PBXSourcesBuildPhase section */

/* Begin PBXTargetDependency section */
		4673304522B7FBCC00639187 /* PBXTargetDependency */ = {
			isa = PBXTargetDependency;
			target = 4673302E22B7FBC800639187 /* ContactApp */;
			targetProxy = 4673304422B7FBCC00639187 /* PBXContainerItemProxy */;
		};
		4673305022B7FBCC00639187 /* PBXTargetDependency */ = {
			isa = PBXTargetDependency;
			target = 4673302E22B7FBC800639187 /* ContactApp */;
			targetProxy = 4673304F22B7FBCC00639187 /* PBXContainerItemProxy */;
		};
/* End PBXTargetDependency section */

/* Begin PBXVariantGroup section */
		4673303B22B7FBCC00639187 /* LaunchScreen.storyboard */ = {
			isa = PBXVariantGroup;
			children = (
				4673303C22B7FBCC00639187 /* Base */,
			);
			name = LaunchScreen.storyboard;
			sourceTree = "<group>";
		};
/* End PBXVariantGroup section */

/* Begin XCBuildConfiguration section */
		4673305522B7FBCC00639187 /* Debug */ = {
			isa = XCBuildConfiguration;
			buildSettings = {
				ALWAYS_SEARCH_USER_PATHS = NO;
				CLANG_ANALYZER_NONNULL = YES;
				CLANG_ANALYZER_NUMBER_OBJECT_CONVERSION = YES_AGGRESSIVE;
				CLANG_CXX_LANGUAGE_STANDARD = "gnu++14";
				CLANG_CXX_LIBRARY = "libc++";
				CLANG_ENABLE_MODULES = YES;
				CLANG_ENABLE_OBJC_ARC = YES;
				CLANG_ENABLE_OBJC_WEAK = YES;
				CLANG_WARN_BLOCK_CAPTURE_AUTORELEASING = YES;
				CLANG_WARN_BOOL_CONVERSION = YES;
				CLANG_WARN_COMMA = YES;
				CLANG_WARN_CONSTANT_CONVERSION = YES;
				CLANG_WARN_DEPRECATED_OBJC_IMPLEMENTATIONS = YES;
				CLANG_WARN_DIRECT_OBJC_ISA_USAGE = YES_ERROR;
				CLANG_WARN_DOCUMENTATION_COMMENTS = YES;
				CLANG_WARN_EMPTY_BODY = YES;
				CLANG_WARN_ENUM_CONVERSION = YES;
				CLANG_WARN_INFINITE_RECURSION = YES;
				CLANG_WARN_INT_CONVERSION = YES;
				CLANG_WARN_NON_LITERAL_NULL_CONVERSION = YES;
				CLANG_WARN_OBJC_IMPLICIT_RETAIN_SELF = YES;
				CLANG_WARN_OBJC_LITERAL_CONVERSION = YES;
				CLANG_WARN_OBJC_ROOT_CLASS = YES_ERROR;
				CLANG_WARN_RANGE_LOOP_ANALYSIS = YES;
				CLANG_WARN_STRICT_PROTOTYPES = YES;
				CLANG_WARN_SUSPICIOUS_MOVE = YES;
				CLANG_WARN_UNGUARDED_AVAILABILITY = YES_AGGRESSIVE;
				CLANG_WARN_UNREACHABLE_CODE = YES;
				CLANG_WARN__DUPLICATE_METHOD_MATCH = YES;
				CODE_SIGN_IDENTITY = "iPhone Developer";
				COPY_PHASE_STRIP = NO;
				DEBUG_INFORMATION_FORMAT = dwarf;
				ENABLE_STRICT_OBJC_MSGSEND = YES;
				ENABLE_TESTABILITY = YES;
				GCC_C_LANGUAGE_STANDARD = gnu11;
				GCC_DYNAMIC_NO_PIC = NO;
				GCC_NO_COMMON_BLOCKS = YES;
				GCC_OPTIMIZATION_LEVEL = 0;
				GCC_PREPROCESSOR_DEFINITIONS = (
					"DEBUG=1",
					"$(inherited)",
				);
				GCC_WARN_64_TO_32_BIT_CONVERSION = YES;
				GCC_WARN_ABOUT_RETURN_TYPE = YES_ERROR;
				GCC_WARN_UNDECLARED_SELECTOR = YES;
				GCC_WARN_UNINITIALIZED_AUTOS = YES_AGGRESSIVE;
				GCC_WARN_UNUSED_FUNCTION = YES;
				GCC_WARN_UNUSED_VARIABLE = YES;
				IPHONEOS_DEPLOYMENT_TARGET = 12.1;
				MTL_ENABLE_DEBUG_INFO = INCLUDE_SOURCE;
				MTL_FAST_MATH = YES;
				ONLY_ACTIVE_ARCH = YES;
				SDKROOT = iphoneos;
				SWIFT_ACTIVE_COMPILATION_CONDITIONS = DEBUG;
				SWIFT_OPTIMIZATION_LEVEL = "-Onone";
			};
			name = Debug;
		};
		4673305622B7FBCC00639187 /* Release */ = {
			isa = XCBuildConfiguration;
			buildSettings = {
				ALWAYS_SEARCH_USER_PATHS = NO;
				CLANG_ANALYZER_NONNULL = YES;
				CLANG_ANALYZER_NUMBER_OBJECT_CONVERSION = YES_AGGRESSIVE;
				CLANG_CXX_LANGUAGE_STANDARD = "gnu++14";
				CLANG_CXX_LIBRARY = "libc++";
				CLANG_ENABLE_MODULES = YES;
				CLANG_ENABLE_OBJC_ARC = YES;
				CLANG_ENABLE_OBJC_WEAK = YES;
				CLANG_WARN_BLOCK_CAPTURE_AUTORELEASING = YES;
				CLANG_WARN_BOOL_CONVERSION = YES;
				CLANG_WARN_COMMA = YES;
				CLANG_WARN_CONSTANT_CONVERSION = YES;
				CLANG_WARN_DEPRECATED_OBJC_IMPLEMENTATIONS = YES;
				CLANG_WARN_DIRECT_OBJC_ISA_USAGE = YES_ERROR;
				CLANG_WARN_DOCUMENTATION_COMMENTS = YES;
				CLANG_WARN_EMPTY_BODY = YES;
				CLANG_WARN_ENUM_CONVERSION = YES;
				CLANG_WARN_INFINITE_RECURSION = YES;
				CLANG_WARN_INT_CONVERSION = YES;
				CLANG_WARN_NON_LITERAL_NULL_CONVERSION = YES;
				CLANG_WARN_OBJC_IMPLICIT_RETAIN_SELF = YES;
				CLANG_WARN_OBJC_LITERAL_CONVERSION = YES;
				CLANG_WARN_OBJC_ROOT_CLASS = YES_ERROR;
				CLANG_WARN_RANGE_LOOP_ANALYSIS = YES;
				CLANG_WARN_STRICT_PROTOTYPES = YES;
				CLANG_WARN_SUSPICIOUS_MOVE = YES;
				CLANG_WARN_UNGUARDED_AVAILABILITY = YES_AGGRESSIVE;
				CLANG_WARN_UNREACHABLE_CODE = YES;
				CLANG_WARN__DUPLICATE_METHOD_MATCH = YES;
				CODE_SIGN_IDENTITY = "iPhone Developer";
				COPY_PHASE_STRIP = NO;
				DEBUG_INFORMATION_FORMAT = "dwarf-with-dsym";
				ENABLE_NS_ASSERTIONS = NO;
				ENABLE_STRICT_OBJC_MSGSEND = YES;
				GCC_C_LANGUAGE_STANDARD = gnu11;
				GCC_NO_COMMON_BLOCKS = YES;
				GCC_WARN_64_TO_32_BIT_CONVERSION = YES;
				GCC_WARN_ABOUT_RETURN_TYPE = YES_ERROR;
				GCC_WARN_UNDECLARED_SELECTOR = YES;
				GCC_WARN_UNINITIALIZED_AUTOS = YES_AGGRESSIVE;
				GCC_WARN_UNUSED_FUNCTION = YES;
				GCC_WARN_UNUSED_VARIABLE = YES;
				IPHONEOS_DEPLOYMENT_TARGET = 12.1;
				MTL_ENABLE_DEBUG_INFO = NO;
				MTL_FAST_MATH = YES;
				SDKROOT = iphoneos;
				SWIFT_COMPILATION_MODE = wholemodule;
				SWIFT_OPTIMIZATION_LEVEL = "-O";
				VALIDATE_PRODUCT = YES;
			};
			name = Release;
		};
		4673305822B7FBCC00639187 /* Debug */ = {
			isa = XCBuildConfiguration;
			buildSettings = {
				ASSETCATALOG_COMPILER_APPICON_NAME = AppIcon;
				CODE_SIGN_STYLE = Automatic;
				DEVELOPMENT_TEAM = HXBFQW64Z5;
				INFOPLIST_FILE = ContactApp/Info.plist;
				LD_RUNPATH_SEARCH_PATHS = (
					"$(inherited)",
					"@executable_path/Frameworks",
				);
				PRODUCT_BUNDLE_IDENTIFIER = com.hw.app.ContactApp;
				PRODUCT_NAME = "$(TARGET_NAME)";
				SWIFT_VERSION = 4.2;
				TARGETED_DEVICE_FAMILY = "1,2";
			};
			name = Debug;
		};
		4673305922B7FBCC00639187 /* Release */ = {
			isa = XCBuildConfiguration;
			buildSettings = {
				ASSETCATALOG_COMPILER_APPICON_NAME = AppIcon;
				CODE_SIGN_STYLE = Automatic;
				DEVELOPMENT_TEAM = HXBFQW64Z5;
				INFOPLIST_FILE = ContactApp/Info.plist;
				LD_RUNPATH_SEARCH_PATHS = (
					"$(inherited)",
					"@executable_path/Frameworks",
				);
				PRODUCT_BUNDLE_IDENTIFIER = com.hw.app.ContactApp;
				PRODUCT_NAME = "$(TARGET_NAME)";
				SWIFT_VERSION = 4.2;
				TARGETED_DEVICE_FAMILY = "1,2";
			};
			name = Release;
		};
		4673305B22B7FBCC00639187 /* Debug */ = {
			isa = XCBuildConfiguration;
			buildSettings = {
				ALWAYS_EMBED_SWIFT_STANDARD_LIBRARIES = YES;
				BUNDLE_LOADER = "$(TEST_HOST)";
				CODE_SIGN_STYLE = Automatic;
				DEVELOPMENT_TEAM = HXBFQW64Z5;
				INFOPLIST_FILE = ContactAppTests/Info.plist;
				LD_RUNPATH_SEARCH_PATHS = (
					"$(inherited)",
					"@executable_path/Frameworks",
					"@loader_path/Frameworks",
				);
				PRODUCT_BUNDLE_IDENTIFIER = com.hw.app.ContactAppTests;
				PRODUCT_NAME = "$(TARGET_NAME)";
				SWIFT_VERSION = 4.2;
				TARGETED_DEVICE_FAMILY = "1,2";
				TEST_HOST = "$(BUILT_PRODUCTS_DIR)/ContactApp.app/ContactApp";
			};
			name = Debug;
		};
		4673305C22B7FBCC00639187 /* Release */ = {
			isa = XCBuildConfiguration;
			buildSettings = {
				ALWAYS_EMBED_SWIFT_STANDARD_LIBRARIES = YES;
				BUNDLE_LOADER = "$(TEST_HOST)";
				CODE_SIGN_STYLE = Automatic;
				DEVELOPMENT_TEAM = HXBFQW64Z5;
				INFOPLIST_FILE = ContactAppTests/Info.plist;
				LD_RUNPATH_SEARCH_PATHS = (
					"$(inherited)",
					"@executable_path/Frameworks",
					"@loader_path/Frameworks",
				);
				PRODUCT_BUNDLE_IDENTIFIER = com.hw.app.ContactAppTests;
				PRODUCT_NAME = "$(TARGET_NAME)";
				SWIFT_VERSION = 4.2;
				TARGETED_DEVICE_FAMILY = "1,2";
				TEST_HOST = "$(BUILT_PRODUCTS_DIR)/ContactApp.app/ContactApp";
			};
			name = Release;
		};
		4673305E22B7FBCC00639187 /* Debug */ = {
			isa = XCBuildConfiguration;
			buildSettings = {
				ALWAYS_EMBED_SWIFT_STANDARD_LIBRARIES = YES;
				CODE_SIGN_STYLE = Automatic;
				DEVELOPMENT_TEAM = HXBFQW64Z5;
				INFOPLIST_FILE = ContactAppUITests/Info.plist;
				LD_RUNPATH_SEARCH_PATHS = (
					"$(inherited)",
					"@executable_path/Frameworks",
					"@loader_path/Frameworks",
				);
				PRODUCT_BUNDLE_IDENTIFIER = com.hw.app.ContactAppUITests;
				PRODUCT_NAME = "$(TARGET_NAME)";
				SWIFT_VERSION = 4.2;
				TARGETED_DEVICE_FAMILY = "1,2";
				TEST_TARGET_NAME = ContactApp;
			};
			name = Debug;
		};
		4673305F22B7FBCC00639187 /* Release */ = {
			isa = XCBuildConfiguration;
			buildSettings = {
				ALWAYS_EMBED_SWIFT_STANDARD_LIBRARIES = YES;
				CODE_SIGN_STYLE = Automatic;
				DEVELOPMENT_TEAM = HXBFQW64Z5;
				INFOPLIST_FILE = ContactAppUITests/Info.plist;
				LD_RUNPATH_SEARCH_PATHS = (
					"$(inherited)",
					"@executable_path/Frameworks",
					"@loader_path/Frameworks",
				);
				PRODUCT_BUNDLE_IDENTIFIER = com.hw.app.ContactAppUITests;
				PRODUCT_NAME = "$(TARGET_NAME)";
				SWIFT_VERSION = 4.2;
				TARGETED_DEVICE_FAMILY = "1,2";
				TEST_TARGET_NAME = ContactApp;
			};
			name = Release;
		};
/* End XCBuildConfiguration section */

/* Begin XCConfigurationList section */
		4673302A22B7FBC800639187 /* Build configuration list for PBXProject "ContactApp" */ = {
			isa = XCConfigurationList;
			buildConfigurations = (
				4673305522B7FBCC00639187 /* Debug */,
				4673305622B7FBCC00639187 /* Release */,
			);
			defaultConfigurationIsVisible = 0;
			defaultConfigurationName = Release;
		};
		4673305722B7FBCC00639187 /* Build configuration list for PBXNativeTarget "ContactApp" */ = {
			isa = XCConfigurationList;
			buildConfigurations = (
				4673305822B7FBCC00639187 /* Debug */,
				4673305922B7FBCC00639187 /* Release */,
			);
			defaultConfigurationIsVisible = 0;
			defaultConfigurationName = Release;
		};
		4673305A22B7FBCC00639187 /* Build configuration list for PBXNativeTarget "ContactAppTests" */ = {
			isa = XCConfigurationList;
			buildConfigurations = (
				4673305B22B7FBCC00639187 /* Debug */,
				4673305C22B7FBCC00639187 /* Release */,
			);
			defaultConfigurationIsVisible = 0;
			defaultConfigurationName = Release;
		};
		4673305D22B7FBCC00639187 /* Build configuration list for PBXNativeTarget "ContactAppUITests" */ = {
			isa = XCConfigurationList;
			buildConfigurations = (
				4673305E22B7FBCC00639187 /* Debug */,
				4673305F22B7FBCC00639187 /* Release */,
			);
			defaultConfigurationIsVisible = 0;
			defaultConfigurationName = Release;
		};
/* End XCConfigurationList section */
	};
	rootObject = 4673302722B7FBC800639187 /* Project object */;
}
